<Solution>
  <Folder Name="/src/">
    <Project Path="src/XafLogicExplainer.Blazor/XafLogicExplainer.Blazor.csproj" />
    <Project Path="src/XafLogicExplainer.Cli/XafLogicExplainer.Cli.csproj" />
    <Project Path="src/XafLogicExplainer.CopilotSync/XafLogicExplainer.CopilotSync.csproj" />
    <Project Path="src/XafLogicExplainer.Core/XafLogicExplainer.Core.csproj" />
    <Project Path="src/XafLogicExplainer.DescriptionAnnotator/XafLogicExplainer.DescriptionAnnotator.csproj" />
    <Project Path="src/XafLogicExplainer.Mcp/XafLogicExplainer.Mcp.csproj" />
  </Folder>
  <Folder Name="/tests/">
    <Project Path="tests/XafLogicExplainer.Tests/XafLogicExplainer.Tests.csproj" />
  </Folder>
  <Folder Name="/tools/">
    <Project Path="tools/XafLogicExplainer.DxCatalog/XafLogicExplainer.DxCatalog.csproj" />
  </Folder>
</Solution>
